
Microsoft Visual Studio Solution File, Format Version 12.00
# Visual Studio Version 17
VisualStudioVersion = 17.11.35312.102
MinimumVisualStudioVersion = 10.0.40219.1
Project("{FAE04EC0-301F-11D3-BF4B-00C04F79EFBC}") = "QuanLyKhachSan", "QuanLyKhachSan\QuanLyKhachSan.csproj", "{08613620-123F-48A1-BD68-BA693FC6180A}"
EndProject
Global
	GlobalSection(SolutionConfigurationPlatforms) = preSolution
		Debug|Any CPU = Debug|Any CPU
		Release|Any CPU = Release|Any CPU
	EndGlobalSection
	GlobalSection(ProjectConfigurationPlatforms) = postSolution
		{08613620-123F-48A1-BD68-BA693FC6180A}.Debug|Any CPU.ActiveCfg = Debug|Any CPU
		{08613620-123F-48A1-BD68-BA693FC6180A}.Debug|Any CPU.Build.0 = Debug|Any CPU
		{08613620-123F-48A1-BD68-BA693FC6180A}.Release|Any CPU.ActiveCfg = Release|Any CPU
		{08613620-123F-48A1-BD68-BA693FC6180A}.Release|Any CPU.Build.0 = Release|Any CPU
	EndGlobalSection
	GlobalSection(SolutionProperties) = preSolution
		HideSolutionNode = FALSE
	EndGlobalSection
	GlobalSection(ExtensibilityGlobals) = postSolution
		SolutionGuid = {9C4EC058-A802-4017-9C0C-14E93E135105}
	EndGlobalSection
EndGlobal
